{
  "name": "@advanced-rest-client/variables-editor",
  "version": "3.0.5",
  "lockfileVersion": 1,
  "requires": true,
  "dependencies": {
    "@advanced-rest-client/arc-fit-mixin": {
      "version": "1.2.1",
      "resolved": "https://registry.npmjs.org/@advanced-rest-client/arc-fit-mixin/-/arc-fit-mixin-1.2.1.tgz",
      "integrity": "sha512-r7QWIOKRRY4+Cn7/cILJKMf63V5nlb/Ej6B58DftLXOMJ5hqKPKdJWuXB+DRHAwAEfF+FhCmY5HfibSmCskj+Q==",
      "requires": {
        "@open-wc/dedupe-mixin": "^1.3.0"
      }
    },
    "@advanced-rest-client/arc-icons": {
      "version": "3.1.2",
      "resolved": "https://registry.npmjs.org/@advanced-rest-client/arc-icons/-/arc-icons-3.1.2.tgz",
      "integrity": "sha512-tcEc7vIzgSPu3uWycvxXcrecl5aoXzXQPbpDGKEhL7k6rFH3h6QmPwNC+AQmYpBhJcVKRVuY42zcX+uXb92GYQ==",
      "requires": {
        "lit-element": "^2.4.0",
        "lit-html": "^1.3.0"
      }
    },
    "@advanced-rest-client/arc-overlay-mixin": {
      "version": "1.1.6",
      "resolved": "https://registry.npmjs.org/@advanced-rest-client/arc-overlay-mixin/-/arc-overlay-mixin-1.1.6.tgz",
      "integrity": "sha512-wM/UA+PFItLkS9A9YMGe+Bun4drcMTu0ao0sea2CLiNmGozqA04OggW+2l27K5psi1RhDnl64elkJYMGVLqABQ==",
      "requires": {
        "@advanced-rest-client/arc-fit-mixin": "^1.2.1",
        "@advanced-rest-client/arc-resizable-mixin": "^1.1.2",
        "@open-wc/dedupe-mixin": "^1.3.0",
        "lit-element": "^2.4.0",
        "lit-html": "^1.3.0"
      }
    },
    "@advanced-rest-client/arc-resizable-mixin": {
      "version": "1.1.2",
      "resolved": "https://registry.npmjs.org/@advanced-rest-client/arc-resizable-mixin/-/arc-resizable-mixin-1.1.2.tgz",
      "integrity": "sha512-DoMv8SXqTAiy6u10XoFlSYF0dt/IZx1NUq4SoLWqR2SRi/7xFH9ZHg20BrpBy1mcoewxa1Mf+C8y4sNn/k/9WA==",
      "requires": {
        "@open-wc/dedupe-mixin": "^1.3.0"
      }
    },
    "@advanced-rest-client/environment-selector": {
      "version": "3.0.2",
      "resolved": "https://registry.npmjs.org/@advanced-rest-client/environment-selector/-/environment-selector-3.0.2.tgz",
      "integrity": "sha512-wWifjHyppkx9sZ94NW9D0yDs5cqEFA0Cq0wkQ3IzDn+87Hu81E57PXSJSODrQiNT4CCHzL9ajVW3G9uptE2+xw==",
      "requires": {
        "@advanced-rest-client/variables-consumer-mixin": "^3.0.4",
        "@anypoint-web-components/anypoint-dropdown-menu": "^0.1.11",
        "@anypoint-web-components/anypoint-item": "^1.0.4",
        "@anypoint-web-components/anypoint-listbox": "^1.0.3",
        "lit-element": "^2.2.1"
      }
    },
    "@advanced-rest-client/uuid-generator": {
      "version": "3.1.1",
      "resolved": "https://registry.npmjs.org/@advanced-rest-client/uuid-generator/-/uuid-generator-3.1.1.tgz",
      "integrity": "sha512-FGC/8jodMca8j4qlSxn4+D+5PrrJfUzYkCxkfjNp9uSzMEuuSiBONIwKVKoCSu6HehBHvLpuGdmIh4KLE6RMJg=="
    },
    "@advanced-rest-client/variables-consumer-mixin": {
      "version": "3.0.6",
      "resolved": "https://registry.npmjs.org/@advanced-rest-client/variables-consumer-mixin/-/variables-consumer-mixin-3.0.6.tgz",
      "integrity": "sha512-BvaEJot8xBTTN9OQWP+bBl7WIeeImpb/5uE+GIoUYANGNjRDl5H9JAWt0Udv9+Lmb6RPB0wxKCvFx4pn31T6Ww=="
    },
    "@anypoint-web-components/anypoint-button": {
      "version": "1.1.1",
      "resolved": "https://registry.npmjs.org/@anypoint-web-components/anypoint-button/-/anypoint-button-1.1.1.tgz",
      "integrity": "sha512-S+cfMd5GRepD+133ajGwCNGG+nzTQnH88kcXzbG+Nsl2yC7FQRNNO6N0VQFsfuRl7e+FwWAp3W2iM/HxoAO1kg==",
      "requires": {
        "@anypoint-web-components/anypoint-control-mixins": "^1.1.1",
        "@polymer/paper-ripple": "^3.0.2",
        "lit-element": "^2.3.1"
      }
    },
    "@anypoint-web-components/anypoint-control-mixins": {
      "version": "1.1.3",
      "resolved": "https://registry.npmjs.org/@anypoint-web-components/anypoint-control-mixins/-/anypoint-control-mixins-1.1.3.tgz",
      "integrity": "sha512-LRhwEav2ZpDBRKiGo3Upu4B0ur/j8+2JxeqHGwxcXc8ORuiJLVxcorURuKhLyvEjk5fP5pI0S0KGIUj66N1KQg==",
      "requires": {
        "@open-wc/dedupe-mixin": "^1.3.0"
      }
    },
    "@anypoint-web-components/anypoint-dialog": {
      "version": "0.1.6",
      "resolved": "https://registry.npmjs.org/@anypoint-web-components/anypoint-dialog/-/anypoint-dialog-0.1.6.tgz",
      "integrity": "sha512-BAne4mYs8zp2RlzoB8RWDqRIHvke7ezMQj8qGT6xgHO96j5p8uF2tjbaX5Py50JXeMDsvj8JuZUPJFlzqAxWOA==",
      "requires": {
        "@advanced-rest-client/arc-overlay-mixin": "^1.1.6",
        "@open-wc/dedupe-mixin": "^1.3.0",
        "lit-element": "^2.4.0",
        "lit-html": "^1.3.0"
      }
    },
    "@anypoint-web-components/anypoint-dropdown": {
      "version": "1.1.2",
      "resolved": "https://registry.npmjs.org/@anypoint-web-components/anypoint-dropdown/-/anypoint-dropdown-1.1.2.tgz",
      "integrity": "sha512-FAQDIUuokek1Vs9NNDQX+4aLR1hw4y9eWJ3P9aFciWFYKZLjn9ySl+0U8nnKsqBmcoq+vbtmgeBjPV6X2mMUeQ==",
      "requires": {
        "@advanced-rest-client/arc-overlay-mixin": "^1.1.5",
        "@anypoint-web-components/anypoint-control-mixins": "^1.1.1",
        "lit-element": "^2.3.1",
        "lit-html": "^1.2.1"
      }
    },
    "@anypoint-web-components/anypoint-dropdown-menu": {
      "version": "0.1.17",
      "resolved": "https://registry.npmjs.org/@anypoint-web-components/anypoint-dropdown-menu/-/anypoint-dropdown-menu-0.1.17.tgz",
      "integrity": "sha512-zuj4khwSAuDlhFd18SjZAAr9dN9RR0E2+XbCUcYSdp6CVukv1N4bLREsBozc4kU9cv6Rn5IRzJIzLeFWdfURQA==",
      "requires": {
        "@anypoint-web-components/anypoint-button": "^1.1.1",
        "@anypoint-web-components/anypoint-control-mixins": "^1.1.1",
        "@anypoint-web-components/anypoint-dropdown": "^1.1.2",
        "@anypoint-web-components/validatable-mixin": "^1.1.1",
        "lit-element": "^2.3.1",
        "lit-html": "^1.2.1"
      }
    },
    "@anypoint-web-components/anypoint-form-mixins": {
      "version": "1.2.2",
      "resolved": "https://registry.npmjs.org/@anypoint-web-components/anypoint-form-mixins/-/anypoint-form-mixins-1.2.2.tgz",
      "integrity": "sha512-Z9aC5WZOr58GnabwPhVq8OpZ6Yk6RU/HGX/uC9mP2h5cohTqCCwZBgyDmRE5YzjBidaWR+9mCUPKJsxl9Z9AEA==",
      "requires": {
        "@anypoint-web-components/validatable-mixin": "^1.1.3",
        "@open-wc/dedupe-mixin": "^1.3.0"
      }
    },
    "@anypoint-web-components/anypoint-input": {
      "version": "0.2.23",
      "resolved": "https://registry.npmjs.org/@anypoint-web-components/anypoint-input/-/anypoint-input-0.2.23.tgz",
      "integrity": "sha512-nM1cOXJPuSh1maNsM34YmrQDgGSynF5ZuvG3s9Q3jmv+uaf7RtIj94tO/+TZ8RkHSZJ2FtUl0FsWEtP6bTPfNw==",
      "requires": {
        "@advanced-rest-client/arc-icons": "^3.1.2",
        "@anypoint-web-components/anypoint-button": "^1.1.1",
        "@anypoint-web-components/anypoint-control-mixins": "^1.1.3",
        "@anypoint-web-components/validatable-mixin": "^1.1.3",
        "@open-wc/dedupe-mixin": "^1.3.0",
        "lit-element": "^2.4.0",
        "lit-html": "^1.3.0"
      }
    },
    "@anypoint-web-components/anypoint-item": {
      "version": "1.0.8",
      "resolved": "https://registry.npmjs.org/@anypoint-web-components/anypoint-item/-/anypoint-item-1.0.8.tgz",
      "integrity": "sha512-eqS74CXXIHHyU0Q9QbubfOqURQBLlZETRSJ/qs3AE47Hg6qO1Hr8DNy15qwECGsdm/rZ611K73ZJCuQtC0FRSA==",
      "requires": {
        "@anypoint-web-components/anypoint-control-mixins": "^1.1.2",
        "@anypoint-web-components/anypoint-styles": "^1.0.1",
        "lit-element": "^2.4.0",
        "lit-html": "^1.3.0"
      }
    },
    "@anypoint-web-components/anypoint-listbox": {
      "version": "1.1.5",
      "resolved": "https://registry.npmjs.org/@anypoint-web-components/anypoint-listbox/-/anypoint-listbox-1.1.5.tgz",
      "integrity": "sha512-GAqI9fqmSp9y8OPt/WP351H1c2AYq7XjDAJY0qQGAIUA9eFCTJN9rBZVpUGFzaxhLC4v+PjCcQzuA0mQODkpXQ==",
      "requires": {
        "@anypoint-web-components/anypoint-menu-mixin": "^1.1.7",
        "lit-element": "^2.4.0",
        "lit-html": "^1.3.0"
      }
    },
    "@anypoint-web-components/anypoint-menu-mixin": {
      "version": "1.1.7",
      "resolved": "https://registry.npmjs.org/@anypoint-web-components/anypoint-menu-mixin/-/anypoint-menu-mixin-1.1.7.tgz",
      "integrity": "sha512-yw4Cb3kU2TJSKGlkz1gvJG+vlZQ9NcCzwjSXabAWf8zV2bUIlNry97wYgof00t3Ql6VUW+wSnLVyKZxzrzN41Q==",
      "requires": {
        "@anypoint-web-components/anypoint-selector": "^1.1.5",
        "@open-wc/dedupe-mixin": "^1.3.0",
        "lit-element": "^2.4.0",
        "lit-html": "^1.3.0"
      }
    },
    "@anypoint-web-components/anypoint-selector": {
      "version": "1.1.5",
      "resolved": "https://registry.npmjs.org/@anypoint-web-components/anypoint-selector/-/anypoint-selector-1.1.5.tgz",
      "integrity": "sha512-gxTifvN5Xy42J4qIAFqfB3w0TnIa8obnIdt6BI46CErITVddRKyHVv9HmbNFZzdQEpDZ0LOq03EUTX0HW9nhKw==",
      "requires": {
        "@open-wc/dedupe-mixin": "^1.3.0",
        "lit-element": "^2.4.0",
        "lit-html": "^1.3.0"
      }
    },
    "@anypoint-web-components/anypoint-styles": {
      "version": "1.0.1",
      "resolved": "https://registry.npmjs.org/@anypoint-web-components/anypoint-styles/-/anypoint-styles-1.0.1.tgz",
      "integrity": "sha512-sTsbaVSWuFEaOjFL+9t++E95rV+aQqtnbqqIEhhLei7P/z0v/ySfRxATnyjq6YgfHN0D2axZ3uk7l6nEN6YKHQ==",
      "requires": {
        "lit-element": "^2.2.1",
        "lit-html": "^1.1.2"
      }
    },
    "@anypoint-web-components/anypoint-switch": {
      "version": "0.1.4",
      "resolved": "https://registry.npmjs.org/@anypoint-web-components/anypoint-switch/-/anypoint-switch-0.1.4.tgz",
      "integrity": "sha512-ltjgMHFuWC80V1+FDI34M+Q6gnNXs0+skfuM6/bbL0SPup5wttQc5OGrZcje7PwxExstUNHIF9+oLzPbHjfShQ==",
      "requires": {
        "@anypoint-web-components/anypoint-control-mixins": "^1.1.1",
        "@anypoint-web-components/anypoint-form-mixins": "^1.2.0",
        "lit-element": "^2.3.1"
      }
    },
    "@anypoint-web-components/anypoint-tabs": {
      "version": "0.1.12",
      "resolved": "https://registry.npmjs.org/@anypoint-web-components/anypoint-tabs/-/anypoint-tabs-0.1.12.tgz",
      "integrity": "sha512-t3Qe9JPRJCof5LMMVDcOqltDnGvpigUboxASVrovuf0iPeDYgPWjJ59pNgeLFnT20LGsZVgEAGWBnOuuK5XGuw==",
      "requires": {
        "@advanced-rest-client/arc-resizable-mixin": "^1.1.1",
        "@anypoint-web-components/anypoint-button": "^1.1.1",
        "@anypoint-web-components/anypoint-control-mixins": "^1.1.2",
        "@anypoint-web-components/anypoint-menu-mixin": "^1.1.7",
        "@polymer/iron-icon": "^3.0.1",
        "@polymer/paper-ripple": "^3.0.2",
        "lit-element": "^2.4.0",
        "lit-html": "^1.3.0"
      }
    },
    "@anypoint-web-components/validatable-mixin": {
      "version": "1.1.3",
      "resolved": "https://registry.npmjs.org/@anypoint-web-components/validatable-mixin/-/validatable-mixin-1.1.3.tgz",
      "integrity": "sha512-cObFmNCIWxbGoYEO7cMUEEB4LQ4n3HEgk1gS7LB/TZSvXzzth00f3lbxkvQsubBIFVEOKFUq5Lo8vuG81t0/2w==",
      "requires": {
        "@anypoint-web-components/validator-mixin": "^1.1.1",
        "@open-wc/dedupe-mixin": "^1.3.0"
      }
    },
    "@anypoint-web-components/validator-mixin": {
      "version": "1.1.1",
      "resolved": "https://registry.npmjs.org/@anypoint-web-components/validator-mixin/-/validator-mixin-1.1.1.tgz",
      "integrity": "sha512-SHBFXn/uHP5ptQY/ZV/DzEb0dBYldQF1Rti1q+3lfbUcYiA59QdfsPvOmre6a64NeaHagV/aMd4zj3FNH5hAXg==",
      "requires": {
        "@open-wc/dedupe-mixin": "^1.2.17"
      }
    },
    "@open-wc/dedupe-mixin": {
      "version": "1.3.0",
      "resolved": "https://registry.npmjs.org/@open-wc/dedupe-mixin/-/dedupe-mixin-1.3.0.tgz",
      "integrity": "sha512-UfdK1MPnR6T7f3svzzYBfu3qBkkZ/KsPhcpc3JYhsUY4hbpwNF9wEQtD4Z+/mRqMTJrKg++YSxIxE0FBhY3RIw=="
    },
    "@polymer/iron-a11y-keys-behavior": {
      "version": "3.0.1",
      "resolved": "https://registry.npmjs.org/@polymer/iron-a11y-keys-behavior/-/iron-a11y-keys-behavior-3.0.1.tgz",
      "integrity": "sha512-lnrjKq3ysbBPT/74l0Fj0U9H9C35Tpw2C/tpJ8a+5g8Y3YJs1WSZYnEl1yOkw6sEyaxOq/1DkzH0+60gGu5/PQ==",
      "requires": {
        "@polymer/polymer": "^3.0.0"
      }
    },
    "@polymer/iron-flex-layout": {
      "version": "3.0.1",
      "resolved": "https://registry.npmjs.org/@polymer/iron-flex-layout/-/iron-flex-layout-3.0.1.tgz",
      "integrity": "sha512-7gB869czArF+HZcPTVSgvA7tXYFze9EKckvM95NB7SqYF+NnsQyhoXgKnpFwGyo95lUjUW9TFDLUwDXnCYFtkw==",
      "requires": {
        "@polymer/polymer": "^3.0.0"
      }
    },
    "@polymer/iron-icon": {
      "version": "3.0.1",
      "resolved": "https://registry.npmjs.org/@polymer/iron-icon/-/iron-icon-3.0.1.tgz",
      "integrity": "sha512-QLPwirk+UPZNaLnMew9VludXA4CWUCenRewgEcGYwdzVgDPCDbXxy6vRJjmweZobMQv/oVLppT2JZtJFnPxX6g==",
      "requires": {
        "@polymer/iron-flex-layout": "^3.0.0-pre.26",
        "@polymer/iron-meta": "^3.0.0-pre.26",
        "@polymer/polymer": "^3.0.0"
      }
    },
    "@polymer/iron-meta": {
      "version": "3.0.1",
      "resolved": "https://registry.npmjs.org/@polymer/iron-meta/-/iron-meta-3.0.1.tgz",
      "integrity": "sha512-pWguPugiLYmWFV9UWxLWzZ6gm4wBwQdDy4VULKwdHCqR7OP7u98h+XDdGZsSlDPv6qoryV/e3tGHlTIT0mbzJA==",
      "requires": {
        "@polymer/polymer": "^3.0.0"
      }
    },
    "@polymer/paper-ripple": {
      "version": "3.0.2",
      "resolved": "https://registry.npmjs.org/@polymer/paper-ripple/-/paper-ripple-3.0.2.tgz",
      "integrity": "sha512-DnLNvYIMsiayeICroYxx6Q6Hg1cUU8HN2sbutXazlemAlGqdq80qz3TIaVdbpbt/pvjcFGX2HtntMlPstCge8Q==",
      "requires": {
        "@polymer/iron-a11y-keys-behavior": "^3.0.0-pre.26",
        "@polymer/polymer": "^3.0.0"
      }
    },
    "@polymer/polymer": {
      "version": "3.4.1",
      "resolved": "https://registry.npmjs.org/@polymer/polymer/-/polymer-3.4.1.tgz",
      "integrity": "sha512-KPWnhDZibtqKrUz7enIPOiO4ZQoJNOuLwqrhV2MXzIt3VVnUVJVG5ORz4Z2sgO+UZ+/UZnPD0jqY+jmw/+a9mQ==",
      "requires": {
        "@webcomponents/shadycss": "^1.9.1"
      }
    },
    "@webcomponents/shadycss": {
      "version": "1.10.2",
      "resolved": "https://registry.npmjs.org/@webcomponents/shadycss/-/shadycss-1.10.2.tgz",
      "integrity": "sha512-9Iseu8bRtecb0klvv+WXZOVZatsRkbaH7M97Z+f+Pt909R4lDfgUODAnra23DOZTpeMTAkVpf4m/FZztN7Ox1A=="
    },
    "lit-element": {
      "version": "2.4.0",
      "resolved": "https://registry.npmjs.org/lit-element/-/lit-element-2.4.0.tgz",
      "integrity": "sha512-pBGLglxyhq/Prk2H91nA0KByq/hx/wssJBQFiYqXhGDvEnY31PRGYf1RglVzyLeRysu0IHm2K0P196uLLWmwFg==",
      "requires": {
        "lit-html": "^1.1.1"
      }
    },
    "lit-html": {
      "version": "1.3.0",
      "resolved": "https://registry.npmjs.org/lit-html/-/lit-html-1.3.0.tgz",
      "integrity": "sha512-0Q1bwmaFH9O14vycPHw8C/IeHMk/uSDldVLIefu/kfbTBGIc44KGH6A8p1bDfxUfHdc8q6Ct7kQklWoHgr4t1Q=="
    }
  }
}
